
Microsoft Visual Studio Solution File, Format Version 12.00
# Visual Studio Version 17
VisualStudioVersion = 17.11.35312.102
MinimumVisualStudioVersion = 10.0.40219.1
Project("{FAE04EC0-301F-11D3-BF4B-00C04F79EFBC}") = "WebFormsAgendaFinal", "WebFormsAgendaFinal\WebFormsAgendaFinal.csproj", "{269A29E0-973E-4EAD-BF76-7C39D9CFEC9D}"
EndProject
Project("{FAE04EC0-301F-11D3-BF4B-00C04F79EFBC}") = "WebAPI", "WebAPI\WebAPI.csproj", "{B9AFF8ED-9B33-4526-93C8-C93C9E62D60B}"
EndProject
Global
	GlobalSection(SolutionConfigurationPlatforms) = preSolution
		Debug|Any CPU = Debug|Any CPU
		Release|Any CPU = Release|Any CPU
	EndGlobalSection
	GlobalSection(ProjectConfigurationPlatforms) = postSolution
		{269A29E0-973E-4EAD-BF76-7C39D9CFEC9D}.Debug|Any CPU.ActiveCfg = Debug|Any CPU
		{269A29E0-973E-4EAD-BF76-7C39D9CFEC9D}.Debug|Any CPU.Build.0 = Debug|Any CPU
		{269A29E0-973E-4EAD-BF76-7C39D9CFEC9D}.Release|Any CPU.ActiveCfg = Release|Any CPU
		{269A29E0-973E-4EAD-BF76-7C39D9CFEC9D}.Release|Any CPU.Build.0 = Release|Any CPU
		{B9AFF8ED-9B33-4526-93C8-C93C9E62D60B}.Debug|Any CPU.ActiveCfg = Debug|Any CPU
		{B9AFF8ED-9B33-4526-93C8-C93C9E62D60B}.Debug|Any CPU.Build.0 = Debug|Any CPU
		{B9AFF8ED-9B33-4526-93C8-C93C9E62D60B}.Release|Any CPU.ActiveCfg = Release|Any CPU
		{B9AFF8ED-9B33-4526-93C8-C93C9E62D60B}.Release|Any CPU.Build.0 = Release|Any CPU
	EndGlobalSection
	GlobalSection(SolutionProperties) = preSolution
		HideSolutionNode = FALSE
	EndGlobalSection
	GlobalSection(ExtensibilityGlobals) = postSolution
		SolutionGuid = {7CF6B459-CDE5-407B-B44E-A30C3CF7629B}
	EndGlobalSection
EndGlobal
